
Microsoft Visual Studio Solution File, Format Version 10.00
# Visual Studio 2008
Project("{8BC9CEB8-8B4A-11D0-8D11-00A0C91BC942}") = "UIlib", "UIlib\UIlib.vcproj", "{135DD762-8B36-43DD-B65A-018352979FFB}"
EndProject
Project("{8BC9CEB8-8B4A-11D0-8D11-00A0C91BC942}") = "UITest", "UITest\UITest.vcproj", "{80595E3F-F01F-460E-A85A-C86088C0DF37}"
	ProjectSection(ProjectDependencies) = postProject
		{135DD762-8B36-43DD-B65A-018352979FFB} = {135DD762-8B36-43DD-B65A-018352979FFB}
	EndProjectSection
EndProject
Global
	GlobalSection(SolutionConfigurationPlatforms) = preSolution
		Debug|Win32 = Debug|Win32
		Release|Win32 = Release|Win32
	EndGlobalSection
	GlobalSection(ProjectConfigurationPlatforms) = postSolution
		{135DD762-8B36-43DD-B65A-018352979FFB}.Debug|Win32.ActiveCfg = Debug|Win32
		{135DD762-8B36-43DD-B65A-018352979FFB}.Debug|Win32.Build.0 = Debug|Win32
		{135DD762-8B36-43DD-B65A-018352979FFB}.Release|Win32.ActiveCfg = Release|Win32
		{135DD762-8B36-43DD-B65A-018352979FFB}.Release|Win32.Build.0 = Release|Win32
		{80595E3F-F01F-460E-A85A-C86088C0DF37}.Debug|Win32.ActiveCfg = Debug|Win32
		{80595E3F-F01F-460E-A85A-C86088C0DF37}.Debug|Win32.Build.0 = Debug|Win32
		{80595E3F-F01F-460E-A85A-C86088C0DF37}.Release|Win32.ActiveCfg = Release|Win32
		{80595E3F-F01F-460E-A85A-C86088C0DF37}.Release|Win32.Build.0 = Release|Win32
	EndGlobalSection
	GlobalSection(SolutionProperties) = preSolution
		HideSolutionNode = FALSE
	EndGlobalSection
EndGlobal
