
Microsoft Visual Studio Solution File, Format Version 10.00
# Visual Studio 2008
Project("{8BC9CEB8-8B4A-11D0-8D11-00A0C91BC942}") = "PlayCtrl", "PlayCtrl\PlayCtrl.vcproj", "{F0627C2B-447C-4B8F-89B8-B6E5B6AE571A}"
EndProject
Global
	GlobalSection(SolutionConfigurationPlatforms) = preSolution
		Debug|Win32 = Debug|Win32
		Release|Win32 = Release|Win32
	EndGlobalSection
	GlobalSection(ProjectConfigurationPlatforms) = postSolution
		{F0627C2B-447C-4B8F-89B8-B6E5B6AE571A}.Debug|Win32.ActiveCfg = Debug|Win32
		{F0627C2B-447C-4B8F-89B8-B6E5B6AE571A}.Debug|Win32.Build.0 = Debug|Win32
		{F0627C2B-447C-4B8F-89B8-B6E5B6AE571A}.Release|Win32.ActiveCfg = Release|Win32
		{F0627C2B-447C-4B8F-89B8-B6E5B6AE571A}.Release|Win32.Build.0 = Release|Win32
	EndGlobalSection
	GlobalSection(SolutionProperties) = preSolution
		HideSolutionNode = FALSE
	EndGlobalSection
EndGlobal
